
Microsoft Visual Studio Solution File, Format Version 12.00
# Visual Studio 15
VisualStudioVersion = 15.0.27703.2035
MinimumVisualStudioVersion = 10.0.40219.1
Project("{2150E333-8FDC-42A3-9474-1A3956D46DE8}") = "Presentación", "Presentación", "{2533958E-1BF9-44B8-A4D7-38CF09E75D02}"
EndProject
Project("{2150E333-8FDC-42A3-9474-1A3956D46DE8}") = "WebApi", "WebApi", "{819220B0-BAF0-4E45-A2B7-6823AD11F913}"
EndProject
Project("{2150E333-8FDC-42A3-9474-1A3956D46DE8}") = "Domain", "Domain", "{31EE1662-B8C8-47C8-9C32-975C6E6156ED}"
EndProject
Project("{2150E333-8FDC-42A3-9474-1A3956D46DE8}") = "Infraestructura", "Infraestructura", "{5FFCF99B-D965-4492-805D-B3B625F85014}"
EndProject
Project("{2150E333-8FDC-42A3-9474-1A3956D46DE8}") = "Aplicación", "Aplicación", "{16A32F3B-9C0F-472F-8F88-C855F501D92B}"
EndProject
Project("{9A19103F-16F7-4668-BE54-9A1E7A4F7556}") = "RentARG.UI.Web", "RentARG.UI.Web\RentARG.UI.Web.csproj", "{8B5F6916-EBD6-466F-8C98-879FF8775FFC}"
EndProject
Project("{2150E333-8FDC-42A3-9474-1A3956D46DE8}") = "CrossCutting", "CrossCutting", "{2CF44D85-4354-4933-8B69-04BF09F022E4}"
EndProject
Project("{9A19103F-16F7-4668-BE54-9A1E7A4F7556}") = "RentARG.Infraestructura.Crosscutting.Identity", "RentARG.Infraestructura.Crosscutting.Identity\RentARG.Infraestructura.Crosscutting.Identity.csproj", "{7E327657-95B8-48A2-8863-34D814572166}"
EndProject
Project("{9A19103F-16F7-4668-BE54-9A1E7A4F7556}") = "RentARG.Domain", "RentARG.Domain\RentARG.Domain.csproj", "{FE77B9A9-28CF-46AB-8009-C85E3BB3D5A4}"
EndProject
Project("{9A19103F-16F7-4668-BE54-9A1E7A4F7556}") = "RentARG.Domain.Interfaces", "RentARG.Domain.Interfaces\RentARG.Domain.Interfaces.csproj", "{8C5DAE27-05BE-4BA2-AFE5-A2D5A5107CA4}"
EndProject
Project("{9A19103F-16F7-4668-BE54-9A1E7A4F7556}") = "RentARG.Domain.Commands", "RentARG.Domain.Commands\RentARG.Domain.Commands.csproj", "{5FCF0F74-8E6A-4E04-9EB8-DFC89AE378CF}"
EndProject
Project("{9A19103F-16F7-4668-BE54-9A1E7A4F7556}") = "RentARG.Domain.Core", "RentARG.Domain.Core\RentARG.Domain.Core.csproj", "{21688945-C71D-48DD-B469-7102185E7EA5}"
EndProject
Project("{9A19103F-16F7-4668-BE54-9A1E7A4F7556}") = "RentARG.Domain.Validations", "RentARG.Domain.Validations\RentARG.Domain.Validations.csproj", "{2F89247F-858B-4EA9-9519-703DF89B0FB2}"
EndProject
Project("{9A19103F-16F7-4668-BE54-9A1E7A4F7556}") = "RentARG.Domain.Events", "RentARG.Domain.Events\RentARG.Domain.Events.csproj", "{9ECEB5ED-D617-4E64-961C-75CEC6F29672}"
EndProject
Project("{2150E333-8FDC-42A3-9474-1A3956D46DE8}") = "Resources", "Resources", "{E5421E58-015E-4FDC-B458-00F47D23DF5C}"
EndProject
Project("{9A19103F-16F7-4668-BE54-9A1E7A4F7556}") = "RentARG.Resources.Labels", "RentARG.Resources.Labels\RentARG.Resources.Labels.csproj", "{C0C88A3A-D5E2-4877-BD9C-07054BD173BE}"
EndProject
Project("{FAE04EC0-301F-11D3-BF4B-00C04F79EFBC}") = "RentARG.Repository", "RentARG.Repository\RentARG.Repository.csproj", "{761EF0FB-40B9-4E8A-8D45-28386AF05E7A}"
EndProject
Project("{2150E333-8FDC-42A3-9474-1A3956D46DE8}") = "Repository", "Repository", "{5E74D32C-85DB-4AF4-8B78-1C12932F0A87}"
EndProject
Project("{2150E333-8FDC-42A3-9474-1A3956D46DE8}") = "AutoMapper", "AutoMapper", "{5C5274EA-D8F8-4F34-AAED-45FC598BD064}"
EndProject
Project("{FAE04EC0-301F-11D3-BF4B-00C04F79EFBC}") = "RentARG.Aplicacion.AutoMapper", "RentARG.Aplicacion.AutoMapper\RentARG.Aplicacion.AutoMapper.csproj", "{8DC34054-F065-4820-AB9C-A9C0BD4BC66B}"
EndProject
Project("{FAE04EC0-301F-11D3-BF4B-00C04F79EFBC}") = "RentARG.Aplicacion.ViewModels", "RentARG.Aplicacion.ViewModels\RentARG.Aplicacion.ViewModels.csproj", "{47719D2F-DE88-4863-9122-6B22440DADD0}"
EndProject
Project("{2150E333-8FDC-42A3-9474-1A3956D46DE8}") = "ViewModels", "ViewModels", "{030F74E6-802F-4014-AAFF-13713D57B856}"
EndProject
Project("{2150E333-8FDC-42A3-9474-1A3956D46DE8}") = "Services", "Services", "{E86DDBB8-71E1-460A-8539-8ACB787EAFE3}"
EndProject
Project("{FAE04EC0-301F-11D3-BF4B-00C04F79EFBC}") = "RentARG.Aplicacion.Services", "RentARG.Aplicacion.Services\RentARG.Aplicacion.Services.csproj", "{5149807C-16A3-4D10-AC97-1FA0BB09072A}"
EndProject
Project("{2150E333-8FDC-42A3-9474-1A3956D46DE8}") = "Context", "Context", "{B65B442B-2FFF-4D22-A306-DD6F213EE260}"
EndProject
Project("{FAE04EC0-301F-11D3-BF4B-00C04F79EFBC}") = "RentARG.Infraestructura.Context", "RentARG.Infraestructura.Context\RentARG.Infraestructura.Context.csproj", "{C8839900-7D18-4E81-A435-DF35D3794C55}"
EndProject
Project("{2150E333-8FDC-42A3-9474-1A3956D46DE8}") = "Mappings", "Mappings", "{E6E89DCC-E4BD-4387-AB3F-BDA410F08E12}"
EndProject
Project("{FAE04EC0-301F-11D3-BF4B-00C04F79EFBC}") = "RentARG.Infraestructura.Mappings", "RentARG.Infraestructura.Mappings\RentARG.Infraestructura.Mappings.csproj", "{45A7BDF6-907D-40E7-BE5C-1C8D439DA269}"
EndProject
Project("{2150E333-8FDC-42A3-9474-1A3956D46DE8}") = "UnitOfWork", "UnitOfWork", "{3AEAF626-7FEB-425F-87AF-A17D18F616C2}"
EndProject
Project("{FAE04EC0-301F-11D3-BF4B-00C04F79EFBC}") = "RentARG.Infraestructura.UnitOfWork", "RentARG.Infraestructura.UnitOfWork\RentARG.Infraestructura.UnitOfWork.csproj", "{BB73114D-B3A4-4356-BAEA-526CBA283497}"
EndProject
Project("{FAE04EC0-301F-11D3-BF4B-00C04F79EFBC}") = "RentARG.Infraestructura.Crosscutting.Services", "RentARG.Infraestructura.Crosscutting.Services\RentARG.Infraestructura.Crosscutting.Services.csproj", "{69D27BA3-64AD-42A7-9679-DDA224C1060A}"
EndProject
Project("{FAE04EC0-301F-11D3-BF4B-00C04F79EFBC}") = "RentARG.Infraestructura.Crosscutting,IoC", "RentARG.Infraestructura.Crosscutting,IoC\RentARG.Infraestructura.Crosscutting,IoC.csproj", "{19F96961-47A9-4256-9600-B56F71386CB5}"
EndProject
Project("{FAE04EC0-301F-11D3-BF4B-00C04F79EFBC}") = "RentARG.Infraestructura.Crosscutting.Bus", "RentARG.Infraestructura.Crosscutting.Bus\RentARG.Infraestructura.Crosscutting.Bus.csproj", "{A31BBC46-918D-4247-BEBD-2ECB72FD7535}"
EndProject
Project("{FAE04EC0-301F-11D3-BF4B-00C04F79EFBC}") = "RentARG.Infraestructura.Crosscutting.EventSourcing", "RentARG.Infraestructura.Crosscutting.EventSourcing\RentARG.Infraestructura.Crosscutting.EventSourcing.csproj", "{5054A772-98AB-4D0F-8639-704C7DC85595}"
EndProject
Project("{2150E333-8FDC-42A3-9474-1A3956D46DE8}") = "EventSourcing", "EventSourcing", "{4739ABF6-3380-4846-BEEC-8278A8862F76}"
EndProject
Project("{2150E333-8FDC-42A3-9474-1A3956D46DE8}") = "Commands", "Commands", "{85ECE13D-5440-47A9-B950-263E89EF03E2}"
EndProject
Project("{FAE04EC0-301F-11D3-BF4B-00C04F79EFBC}") = "RentARG.Domain.CommandHandlers", "RentARG.Domain.CommandHandlers\RentARG.Domain.CommandHandlers.csproj", "{0910ACA5-B71C-476C-B3CB-8915B737FEDE}"
EndProject
Project("{FAE04EC0-301F-11D3-BF4B-00C04F79EFBC}") = "RentARG.Domain.EventHandlers", "RentARG.Domain.EventHandlers\RentARG.Domain.EventHandlers.csproj", "{8B727A3C-3258-46EF-8DDD-227CBA1913D9}"
EndProject
Global
	GlobalSection(SolutionConfigurationPlatforms) = preSolution
		Debug|Any CPU = Debug|Any CPU
		Release|Any CPU = Release|Any CPU
	EndGlobalSection
	GlobalSection(ProjectConfigurationPlatforms) = postSolution
		{8B5F6916-EBD6-466F-8C98-879FF8775FFC}.Debug|Any CPU.ActiveCfg = Debug|Any CPU
		{8B5F6916-EBD6-466F-8C98-879FF8775FFC}.Debug|Any CPU.Build.0 = Debug|Any CPU
		{8B5F6916-EBD6-466F-8C98-879FF8775FFC}.Release|Any CPU.ActiveCfg = Release|Any CPU
		{8B5F6916-EBD6-466F-8C98-879FF8775FFC}.Release|Any CPU.Build.0 = Release|Any CPU
		{7E327657-95B8-48A2-8863-34D814572166}.Debug|Any CPU.ActiveCfg = Debug|Any CPU
		{7E327657-95B8-48A2-8863-34D814572166}.Debug|Any CPU.Build.0 = Debug|Any CPU
		{7E327657-95B8-48A2-8863-34D814572166}.Release|Any CPU.ActiveCfg = Release|Any CPU
		{7E327657-95B8-48A2-8863-34D814572166}.Release|Any CPU.Build.0 = Release|Any CPU
		{FE77B9A9-28CF-46AB-8009-C85E3BB3D5A4}.Debug|Any CPU.ActiveCfg = Debug|Any CPU
		{FE77B9A9-28CF-46AB-8009-C85E3BB3D5A4}.Debug|Any CPU.Build.0 = Debug|Any CPU
		{FE77B9A9-28CF-46AB-8009-C85E3BB3D5A4}.Release|Any CPU.ActiveCfg = Release|Any CPU
		{FE77B9A9-28CF-46AB-8009-C85E3BB3D5A4}.Release|Any CPU.Build.0 = Release|Any CPU
		{8C5DAE27-05BE-4BA2-AFE5-A2D5A5107CA4}.Debug|Any CPU.ActiveCfg = Debug|Any CPU
		{8C5DAE27-05BE-4BA2-AFE5-A2D5A5107CA4}.Debug|Any CPU.Build.0 = Debug|Any CPU
		{8C5DAE27-05BE-4BA2-AFE5-A2D5A5107CA4}.Release|Any CPU.ActiveCfg = Release|Any CPU
		{8C5DAE27-05BE-4BA2-AFE5-A2D5A5107CA4}.Release|Any CPU.Build.0 = Release|Any CPU
		{5FCF0F74-8E6A-4E04-9EB8-DFC89AE378CF}.Debug|Any CPU.ActiveCfg = Debug|Any CPU
		{5FCF0F74-8E6A-4E04-9EB8-DFC89AE378CF}.Debug|Any CPU.Build.0 = Debug|Any CPU
		{5FCF0F74-8E6A-4E04-9EB8-DFC89AE378CF}.Release|Any CPU.ActiveCfg = Release|Any CPU
		{5FCF0F74-8E6A-4E04-9EB8-DFC89AE378CF}.Release|Any CPU.Build.0 = Release|Any CPU
		{21688945-C71D-48DD-B469-7102185E7EA5}.Debug|Any CPU.ActiveCfg = Debug|Any CPU
		{21688945-C71D-48DD-B469-7102185E7EA5}.Debug|Any CPU.Build.0 = Debug|Any CPU
		{21688945-C71D-48DD-B469-7102185E7EA5}.Release|Any CPU.ActiveCfg = Release|Any CPU
		{21688945-C71D-48DD-B469-7102185E7EA5}.Release|Any CPU.Build.0 = Release|Any CPU
		{2F89247F-858B-4EA9-9519-703DF89B0FB2}.Debug|Any CPU.ActiveCfg = Debug|Any CPU
		{2F89247F-858B-4EA9-9519-703DF89B0FB2}.Debug|Any CPU.Build.0 = Debug|Any CPU
		{2F89247F-858B-4EA9-9519-703DF89B0FB2}.Release|Any CPU.ActiveCfg = Release|Any CPU
		{2F89247F-858B-4EA9-9519-703DF89B0FB2}.Release|Any CPU.Build.0 = Release|Any CPU
		{9ECEB5ED-D617-4E64-961C-75CEC6F29672}.Debug|Any CPU.ActiveCfg = Debug|Any CPU
		{9ECEB5ED-D617-4E64-961C-75CEC6F29672}.Debug|Any CPU.Build.0 = Debug|Any CPU
		{9ECEB5ED-D617-4E64-961C-75CEC6F29672}.Release|Any CPU.ActiveCfg = Release|Any CPU
		{9ECEB5ED-D617-4E64-961C-75CEC6F29672}.Release|Any CPU.Build.0 = Release|Any CPU
		{C0C88A3A-D5E2-4877-BD9C-07054BD173BE}.Debug|Any CPU.ActiveCfg = Debug|Any CPU
		{C0C88A3A-D5E2-4877-BD9C-07054BD173BE}.Debug|Any CPU.Build.0 = Debug|Any CPU
		{C0C88A3A-D5E2-4877-BD9C-07054BD173BE}.Release|Any CPU.ActiveCfg = Release|Any CPU
		{C0C88A3A-D5E2-4877-BD9C-07054BD173BE}.Release|Any CPU.Build.0 = Release|Any CPU
		{761EF0FB-40B9-4E8A-8D45-28386AF05E7A}.Debug|Any CPU.ActiveCfg = Debug|Any CPU
		{761EF0FB-40B9-4E8A-8D45-28386AF05E7A}.Debug|Any CPU.Build.0 = Debug|Any CPU
		{761EF0FB-40B9-4E8A-8D45-28386AF05E7A}.Release|Any CPU.ActiveCfg = Release|Any CPU
		{761EF0FB-40B9-4E8A-8D45-28386AF05E7A}.Release|Any CPU.Build.0 = Release|Any CPU
		{8DC34054-F065-4820-AB9C-A9C0BD4BC66B}.Debug|Any CPU.ActiveCfg = Debug|Any CPU
		{8DC34054-F065-4820-AB9C-A9C0BD4BC66B}.Debug|Any CPU.Build.0 = Debug|Any CPU
		{8DC34054-F065-4820-AB9C-A9C0BD4BC66B}.Release|Any CPU.ActiveCfg = Release|Any CPU
		{8DC34054-F065-4820-AB9C-A9C0BD4BC66B}.Release|Any CPU.Build.0 = Release|Any CPU
		{47719D2F-DE88-4863-9122-6B22440DADD0}.Debug|Any CPU.ActiveCfg = Debug|Any CPU
		{47719D2F-DE88-4863-9122-6B22440DADD0}.Debug|Any CPU.Build.0 = Debug|Any CPU
		{47719D2F-DE88-4863-9122-6B22440DADD0}.Release|Any CPU.ActiveCfg = Release|Any CPU
		{47719D2F-DE88-4863-9122-6B22440DADD0}.Release|Any CPU.Build.0 = Release|Any CPU
		{5149807C-16A3-4D10-AC97-1FA0BB09072A}.Debug|Any CPU.ActiveCfg = Debug|Any CPU
		{5149807C-16A3-4D10-AC97-1FA0BB09072A}.Debug|Any CPU.Build.0 = Debug|Any CPU
		{5149807C-16A3-4D10-AC97-1FA0BB09072A}.Release|Any CPU.ActiveCfg = Release|Any CPU
		{5149807C-16A3-4D10-AC97-1FA0BB09072A}.Release|Any CPU.Build.0 = Release|Any CPU
		{C8839900-7D18-4E81-A435-DF35D3794C55}.Debug|Any CPU.ActiveCfg = Debug|Any CPU
		{C8839900-7D18-4E81-A435-DF35D3794C55}.Debug|Any CPU.Build.0 = Debug|Any CPU
		{C8839900-7D18-4E81-A435-DF35D3794C55}.Release|Any CPU.ActiveCfg = Release|Any CPU
		{C8839900-7D18-4E81-A435-DF35D3794C55}.Release|Any CPU.Build.0 = Release|Any CPU
		{45A7BDF6-907D-40E7-BE5C-1C8D439DA269}.Debug|Any CPU.ActiveCfg = Debug|Any CPU
		{45A7BDF6-907D-40E7-BE5C-1C8D439DA269}.Debug|Any CPU.Build.0 = Debug|Any CPU
		{45A7BDF6-907D-40E7-BE5C-1C8D439DA269}.Release|Any CPU.ActiveCfg = Release|Any CPU
		{45A7BDF6-907D-40E7-BE5C-1C8D439DA269}.Release|Any CPU.Build.0 = Release|Any CPU
		{BB73114D-B3A4-4356-BAEA-526CBA283497}.Debug|Any CPU.ActiveCfg = Debug|Any CPU
		{BB73114D-B3A4-4356-BAEA-526CBA283497}.Debug|Any CPU.Build.0 = Debug|Any CPU
		{BB73114D-B3A4-4356-BAEA-526CBA283497}.Release|Any CPU.ActiveCfg = Release|Any CPU
		{BB73114D-B3A4-4356-BAEA-526CBA283497}.Release|Any CPU.Build.0 = Release|Any CPU
		{69D27BA3-64AD-42A7-9679-DDA224C1060A}.Debug|Any CPU.ActiveCfg = Debug|Any CPU
		{69D27BA3-64AD-42A7-9679-DDA224C1060A}.Debug|Any CPU.Build.0 = Debug|Any CPU
		{69D27BA3-64AD-42A7-9679-DDA224C1060A}.Release|Any CPU.ActiveCfg = Release|Any CPU
		{69D27BA3-64AD-42A7-9679-DDA224C1060A}.Release|Any CPU.Build.0 = Release|Any CPU
		{19F96961-47A9-4256-9600-B56F71386CB5}.Debug|Any CPU.ActiveCfg = Debug|Any CPU
		{19F96961-47A9-4256-9600-B56F71386CB5}.Debug|Any CPU.Build.0 = Debug|Any CPU
		{19F96961-47A9-4256-9600-B56F71386CB5}.Release|Any CPU.ActiveCfg = Release|Any CPU
		{19F96961-47A9-4256-9600-B56F71386CB5}.Release|Any CPU.Build.0 = Release|Any CPU
		{A31BBC46-918D-4247-BEBD-2ECB72FD7535}.Debug|Any CPU.ActiveCfg = Debug|Any CPU
		{A31BBC46-918D-4247-BEBD-2ECB72FD7535}.Debug|Any CPU.Build.0 = Debug|Any CPU
		{A31BBC46-918D-4247-BEBD-2ECB72FD7535}.Release|Any CPU.ActiveCfg = Release|Any CPU
		{A31BBC46-918D-4247-BEBD-2ECB72FD7535}.Release|Any CPU.Build.0 = Release|Any CPU
		{5054A772-98AB-4D0F-8639-704C7DC85595}.Debug|Any CPU.ActiveCfg = Debug|Any CPU
		{5054A772-98AB-4D0F-8639-704C7DC85595}.Debug|Any CPU.Build.0 = Debug|Any CPU
		{5054A772-98AB-4D0F-8639-704C7DC85595}.Release|Any CPU.ActiveCfg = Release|Any CPU
		{5054A772-98AB-4D0F-8639-704C7DC85595}.Release|Any CPU.Build.0 = Release|Any CPU
		{0910ACA5-B71C-476C-B3CB-8915B737FEDE}.Debug|Any CPU.ActiveCfg = Debug|Any CPU
		{0910ACA5-B71C-476C-B3CB-8915B737FEDE}.Debug|Any CPU.Build.0 = Debug|Any CPU
		{0910ACA5-B71C-476C-B3CB-8915B737FEDE}.Release|Any CPU.ActiveCfg = Release|Any CPU
		{0910ACA5-B71C-476C-B3CB-8915B737FEDE}.Release|Any CPU.Build.0 = Release|Any CPU
		{8B727A3C-3258-46EF-8DDD-227CBA1913D9}.Debug|Any CPU.ActiveCfg = Debug|Any CPU
		{8B727A3C-3258-46EF-8DDD-227CBA1913D9}.Debug|Any CPU.Build.0 = Debug|Any CPU
		{8B727A3C-3258-46EF-8DDD-227CBA1913D9}.Release|Any CPU.ActiveCfg = Release|Any CPU
		{8B727A3C-3258-46EF-8DDD-227CBA1913D9}.Release|Any CPU.Build.0 = Release|Any CPU
	EndGlobalSection
	GlobalSection(SolutionProperties) = preSolution
		HideSolutionNode = FALSE
	EndGlobalSection
	GlobalSection(NestedProjects) = preSolution
		{8B5F6916-EBD6-466F-8C98-879FF8775FFC} = {2533958E-1BF9-44B8-A4D7-38CF09E75D02}
		{2CF44D85-4354-4933-8B69-04BF09F022E4} = {5FFCF99B-D965-4492-805D-B3B625F85014}
		{7E327657-95B8-48A2-8863-34D814572166} = {2CF44D85-4354-4933-8B69-04BF09F022E4}
		{FE77B9A9-28CF-46AB-8009-C85E3BB3D5A4} = {31EE1662-B8C8-47C8-9C32-975C6E6156ED}
		{8C5DAE27-05BE-4BA2-AFE5-A2D5A5107CA4} = {31EE1662-B8C8-47C8-9C32-975C6E6156ED}
		{5FCF0F74-8E6A-4E04-9EB8-DFC89AE378CF} = {85ECE13D-5440-47A9-B950-263E89EF03E2}
		{21688945-C71D-48DD-B469-7102185E7EA5} = {31EE1662-B8C8-47C8-9C32-975C6E6156ED}
		{2F89247F-858B-4EA9-9519-703DF89B0FB2} = {31EE1662-B8C8-47C8-9C32-975C6E6156ED}
		{9ECEB5ED-D617-4E64-961C-75CEC6F29672} = {31EE1662-B8C8-47C8-9C32-975C6E6156ED}
		{C0C88A3A-D5E2-4877-BD9C-07054BD173BE} = {E5421E58-015E-4FDC-B458-00F47D23DF5C}
		{761EF0FB-40B9-4E8A-8D45-28386AF05E7A} = {5E74D32C-85DB-4AF4-8B78-1C12932F0A87}
		{5E74D32C-85DB-4AF4-8B78-1C12932F0A87} = {16A32F3B-9C0F-472F-8F88-C855F501D92B}
		{5C5274EA-D8F8-4F34-AAED-45FC598BD064} = {16A32F3B-9C0F-472F-8F88-C855F501D92B}
		{8DC34054-F065-4820-AB9C-A9C0BD4BC66B} = {5C5274EA-D8F8-4F34-AAED-45FC598BD064}
		{47719D2F-DE88-4863-9122-6B22440DADD0} = {030F74E6-802F-4014-AAFF-13713D57B856}
		{030F74E6-802F-4014-AAFF-13713D57B856} = {16A32F3B-9C0F-472F-8F88-C855F501D92B}
		{E86DDBB8-71E1-460A-8539-8ACB787EAFE3} = {16A32F3B-9C0F-472F-8F88-C855F501D92B}
		{5149807C-16A3-4D10-AC97-1FA0BB09072A} = {E86DDBB8-71E1-460A-8539-8ACB787EAFE3}
		{B65B442B-2FFF-4D22-A306-DD6F213EE260} = {5FFCF99B-D965-4492-805D-B3B625F85014}
		{C8839900-7D18-4E81-A435-DF35D3794C55} = {B65B442B-2FFF-4D22-A306-DD6F213EE260}
		{E6E89DCC-E4BD-4387-AB3F-BDA410F08E12} = {5FFCF99B-D965-4492-805D-B3B625F85014}
		{45A7BDF6-907D-40E7-BE5C-1C8D439DA269} = {E6E89DCC-E4BD-4387-AB3F-BDA410F08E12}
		{3AEAF626-7FEB-425F-87AF-A17D18F616C2} = {5FFCF99B-D965-4492-805D-B3B625F85014}
		{BB73114D-B3A4-4356-BAEA-526CBA283497} = {3AEAF626-7FEB-425F-87AF-A17D18F616C2}
		{69D27BA3-64AD-42A7-9679-DDA224C1060A} = {2CF44D85-4354-4933-8B69-04BF09F022E4}
		{19F96961-47A9-4256-9600-B56F71386CB5} = {2CF44D85-4354-4933-8B69-04BF09F022E4}
		{A31BBC46-918D-4247-BEBD-2ECB72FD7535} = {2CF44D85-4354-4933-8B69-04BF09F022E4}
		{5054A772-98AB-4D0F-8639-704C7DC85595} = {4739ABF6-3380-4846-BEEC-8278A8862F76}
		{4739ABF6-3380-4846-BEEC-8278A8862F76} = {5FFCF99B-D965-4492-805D-B3B625F85014}
		{85ECE13D-5440-47A9-B950-263E89EF03E2} = {31EE1662-B8C8-47C8-9C32-975C6E6156ED}
		{0910ACA5-B71C-476C-B3CB-8915B737FEDE} = {85ECE13D-5440-47A9-B950-263E89EF03E2}
		{8B727A3C-3258-46EF-8DDD-227CBA1913D9} = {31EE1662-B8C8-47C8-9C32-975C6E6156ED}
	EndGlobalSection
	GlobalSection(ExtensibilityGlobals) = postSolution
		SolutionGuid = {4E6A51D5-A927-495F-A4BB-27F4288888D2}
	EndGlobalSection
EndGlobal
